
Microsoft Visual Studio Solution File, Format Version 12.00
# Visual Studio Version 17
VisualStudioVersion = 17.6.33723.286
MinimumVisualStudioVersion = 10.0.40219.1
Project("{8BC9CEB8-8B4A-11D0-8D11-00A0C91BC942}") = "mbti 성격 유형 테스트", "mbti 성격 유형 테스트.vcxproj", "{46D329FC-EE39-4AF0-82B9-BD8EB793FEBC}"
EndProject
Global
	GlobalSection(SolutionConfigurationPlatforms) = preSolution
		Debug|x64 = Debug|x64
		Debug|x86 = Debug|x86
		Release|x64 = Release|x64
		Release|x86 = Release|x86
	EndGlobalSection
	GlobalSection(ProjectConfigurationPlatforms) = postSolution
		{46D329FC-EE39-4AF0-82B9-BD8EB793FEBC}.Debug|x64.ActiveCfg = Debug|x64
		{46D329FC-EE39-4AF0-82B9-BD8EB793FEBC}.Debug|x64.Build.0 = Debug|x64
		{46D329FC-EE39-4AF0-82B9-BD8EB793FEBC}.Debug|x86.ActiveCfg = Debug|Win32
		{46D329FC-EE39-4AF0-82B9-BD8EB793FEBC}.Debug|x86.Build.0 = Debug|Win32
		{46D329FC-EE39-4AF0-82B9-BD8EB793FEBC}.Release|x64.ActiveCfg = Release|x64
		{46D329FC-EE39-4AF0-82B9-BD8EB793FEBC}.Release|x64.Build.0 = Release|x64
		{46D329FC-EE39-4AF0-82B9-BD8EB793FEBC}.Release|x86.ActiveCfg = Release|Win32
		{46D329FC-EE39-4AF0-82B9-BD8EB793FEBC}.Release|x86.Build.0 = Release|Win32
	EndGlobalSection
	GlobalSection(SolutionProperties) = preSolution
		HideSolutionNode = FALSE
	EndGlobalSection
	GlobalSection(ExtensibilityGlobals) = postSolution
		SolutionGuid = {372B7938-84A7-4DA3-BA84-9037D711E99E}
	EndGlobalSection
EndGlobal
