
Microsoft Visual Studio Solution File, Format Version 12.00
# Visual Studio Version 17
VisualStudioVersion = 17.7.34024.191
MinimumVisualStudioVersion = 10.0.40219.1
Project("{FAE04EC0-301F-11D3-BF4B-00C04F79EFBC}") = "KeyBoard", "KeyBoard.csproj", "{E9C80568-92A7-4988-8B7E-95440DCFF17A}"
EndProject
Project("{FAE04EC0-301F-11D3-BF4B-00C04F79EFBC}") = "WinFormKeyBoard", "..\WinFormKeyBoard\WinFormKeyBoard.csproj", "{901A179A-EDA5-4AE4-B267-34B9EFBE05A2}"
EndProject
Global
	GlobalSection(SolutionConfigurationPlatforms) = preSolution
		Debug|Any CPU = Debug|Any CPU
		Release|Any CPU = Release|Any CPU
	EndGlobalSection
	GlobalSection(ProjectConfigurationPlatforms) = postSolution
		{E9C80568-92A7-4988-8B7E-95440DCFF17A}.Debug|Any CPU.ActiveCfg = Debug|Any CPU
		{E9C80568-92A7-4988-8B7E-95440DCFF17A}.Debug|Any CPU.Build.0 = Debug|Any CPU
		{E9C80568-92A7-4988-8B7E-95440DCFF17A}.Release|Any CPU.ActiveCfg = Release|Any CPU
		{E9C80568-92A7-4988-8B7E-95440DCFF17A}.Release|Any CPU.Build.0 = Release|Any CPU
		{901A179A-EDA5-4AE4-B267-34B9EFBE05A2}.Debug|Any CPU.ActiveCfg = Debug|Any CPU
		{901A179A-EDA5-4AE4-B267-34B9EFBE05A2}.Debug|Any CPU.Build.0 = Debug|Any CPU
		{901A179A-EDA5-4AE4-B267-34B9EFBE05A2}.Release|Any CPU.ActiveCfg = Release|Any CPU
		{901A179A-EDA5-4AE4-B267-34B9EFBE05A2}.Release|Any CPU.Build.0 = Release|Any CPU
	EndGlobalSection
	GlobalSection(SolutionProperties) = preSolution
		HideSolutionNode = FALSE
	EndGlobalSection
	GlobalSection(ExtensibilityGlobals) = postSolution
		SolutionGuid = {483B1136-A2BD-4325-ABAC-7824D16A10D0}
	EndGlobalSection
EndGlobal
