
Microsoft Visual Studio Solution File, Format Version 12.00
# Visual Studio 15
VisualStudioVersion = 15.0.28307.1145
MinimumVisualStudioVersion = 10.0.40219.1
Project("{8BC9CEB8-8B4A-11D0-8D11-00A0C91BC942}") = "Lighting", "Lighting\Lighting.vcxproj", "{99AA334A-32CD-4A6B-A5D0-7E481FC9715A}"
EndProject
Project("{8BC9CEB8-8B4A-11D0-8D11-00A0C91BC942}") = "Tex1D", "Tex1D\Tex1D.vcxproj", "{53C57286-123A-4999-829E-39FB13EB8422}"
EndProject
Project("{8BC9CEB8-8B4A-11D0-8D11-00A0C91BC942}") = "Tex2D", "Tex2D\Tex2D.vcxproj", "{7439404D-B161-4526-B19A-4E3B2B81B501}"
EndProject
Global
	GlobalSection(SolutionConfigurationPlatforms) = preSolution
		Debug|x64 = Debug|x64
		Debug|x86 = Debug|x86
		Release|x64 = Release|x64
		Release|x86 = Release|x86
	EndGlobalSection
	GlobalSection(ProjectConfigurationPlatforms) = postSolution
		{99AA334A-32CD-4A6B-A5D0-7E481FC9715A}.Debug|x64.ActiveCfg = Debug|x64
		{99AA334A-32CD-4A6B-A5D0-7E481FC9715A}.Debug|x64.Build.0 = Debug|x64
		{99AA334A-32CD-4A6B-A5D0-7E481FC9715A}.Debug|x86.ActiveCfg = Debug|Win32
		{99AA334A-32CD-4A6B-A5D0-7E481FC9715A}.Debug|x86.Build.0 = Debug|Win32
		{99AA334A-32CD-4A6B-A5D0-7E481FC9715A}.Release|x64.ActiveCfg = Release|x64
		{99AA334A-32CD-4A6B-A5D0-7E481FC9715A}.Release|x64.Build.0 = Release|x64
		{99AA334A-32CD-4A6B-A5D0-7E481FC9715A}.Release|x86.ActiveCfg = Release|Win32
		{99AA334A-32CD-4A6B-A5D0-7E481FC9715A}.Release|x86.Build.0 = Release|Win32
		{53C57286-123A-4999-829E-39FB13EB8422}.Debug|x64.ActiveCfg = Debug|x64
		{53C57286-123A-4999-829E-39FB13EB8422}.Debug|x64.Build.0 = Debug|x64
		{53C57286-123A-4999-829E-39FB13EB8422}.Debug|x86.ActiveCfg = Debug|Win32
		{53C57286-123A-4999-829E-39FB13EB8422}.Debug|x86.Build.0 = Debug|Win32
		{53C57286-123A-4999-829E-39FB13EB8422}.Release|x64.ActiveCfg = Release|x64
		{53C57286-123A-4999-829E-39FB13EB8422}.Release|x64.Build.0 = Release|x64
		{53C57286-123A-4999-829E-39FB13EB8422}.Release|x86.ActiveCfg = Release|Win32
		{53C57286-123A-4999-829E-39FB13EB8422}.Release|x86.Build.0 = Release|Win32
		{7439404D-B161-4526-B19A-4E3B2B81B501}.Debug|x64.ActiveCfg = Debug|x64
		{7439404D-B161-4526-B19A-4E3B2B81B501}.Debug|x64.Build.0 = Debug|x64
		{7439404D-B161-4526-B19A-4E3B2B81B501}.Debug|x86.ActiveCfg = Debug|Win32
		{7439404D-B161-4526-B19A-4E3B2B81B501}.Debug|x86.Build.0 = Debug|Win32
		{7439404D-B161-4526-B19A-4E3B2B81B501}.Release|x64.ActiveCfg = Release|x64
		{7439404D-B161-4526-B19A-4E3B2B81B501}.Release|x64.Build.0 = Release|x64
		{7439404D-B161-4526-B19A-4E3B2B81B501}.Release|x86.ActiveCfg = Release|Win32
		{7439404D-B161-4526-B19A-4E3B2B81B501}.Release|x86.Build.0 = Release|Win32
	EndGlobalSection
	GlobalSection(SolutionProperties) = preSolution
		HideSolutionNode = FALSE
	EndGlobalSection
	GlobalSection(ExtensibilityGlobals) = postSolution
		SolutionGuid = {5E700A53-A2EA-4E82-BF62-F43322880B2B}
	EndGlobalSection
EndGlobal
