<?xml version="1.0" encoding="utf-8"?>
<Project ToolsVersion="4.0" xmlns="http://schemas.microsoft.com/developer/msbuild/2003">
  <ItemGroup>
    <Filter Include="리소스 파일">
      <UniqueIdentifier>{67DA6AB6-F800-4c08-8B7A-83BB121AAD01}</UniqueIdentifier>
      <Extensions>rc;ico;cur;bmp;dlg;rc2;rct;bin;rgs;gif;jpg;jpeg;jpe;resx;tiff;tif;png;wav;mfcribbon-ms</Extensions>
    </Filter>
    <Filter Include="Board">
      <UniqueIdentifier>{b4c6fc6c-ab39-45d1-ab94-58005cba3a6d}</UniqueIdentifier>
    </Filter>
    <Filter Include="Board\cpp">
      <UniqueIdentifier>{29427a0d-8e79-46fd-af27-6d0a5666e92c}</UniqueIdentifier>
    </Filter>
    <Filter Include="Board\hpp">
      <UniqueIdentifier>{3a9fc892-c2f7-44d8-8d32-add5b8857840}</UniqueIdentifier>
    </Filter>
    <Filter Include="Main">
      <UniqueIdentifier>{d371b34a-f9b7-4fd1-aff6-5bec91c5fe20}</UniqueIdentifier>
    </Filter>
    <Filter Include="Main\cpp">
      <UniqueIdentifier>{4FC737F1-C7A5-4376-A066-2A32D752A2FF}</UniqueIdentifier>
      <Extensions>cpp;c;cc;cxx;c++;cppm;ixx;def;odl;idl;hpj;bat;asm;asmx</Extensions>
    </Filter>
    <Filter Include="Main\hpp">
      <UniqueIdentifier>{93995380-89BD-4b04-88EB-625FBE52EBFB}</UniqueIdentifier>
      <Extensions>h;hh;hpp;hxx;h++;hm;inl;inc;ipp;xsd</Extensions>
    </Filter>
  </ItemGroup>
  <ItemGroup>
    <ClCompile Include="Board.cpp">
      <Filter>Board\cpp</Filter>
    </ClCompile>
    <ClCompile Include="ConsoleHelper.cpp">
      <Filter>Board\cpp</Filter>
    </ClCompile>
    <ClCompile Include="Player.cpp">
      <Filter>Board\cpp</Filter>
    </ClCompile>
    <ClCompile Include="Maze.cpp">
      <Filter>Main\cpp</Filter>
    </ClCompile>
    <ClCompile Include="pch.cpp">
      <Filter>Main\cpp</Filter>
    </ClCompile>
    <ClCompile Include="Vector.cpp">
      <Filter>Main\cpp</Filter>
    </ClCompile>
  </ItemGroup>
  <ItemGroup>
    <ClInclude Include="Board.h">
      <Filter>Board\hpp</Filter>
    </ClInclude>
    <ClInclude Include="ConsoleHelper.h">
      <Filter>Board\hpp</Filter>
    </ClInclude>
    <ClInclude Include="Player.h">
      <Filter>Board\hpp</Filter>
    </ClInclude>
    <ClInclude Include="pch.h">
      <Filter>Main\hpp</Filter>
    </ClInclude>
    <ClInclude Include="Types.h">
      <Filter>Main\hpp</Filter>
    </ClInclude>
    <ClInclude Include="Vector.h">
      <Filter>Main\hpp</Filter>
    </ClInclude>
  </ItemGroup>
</Project>