
Microsoft Visual Studio Solution File, Format Version 12.00
# Visual Studio Version 17
VisualStudioVersion = 17.6.33723.286
MinimumVisualStudioVersion = 10.0.40219.1
Project("{8BC9CEB8-8B4A-11D0-8D11-00A0C91BC942}") = "Pointer Practice", "Pointer Practice.vcxproj", "{B53BFD06-EAF6-48C6-AE4E-1DE67F1562C6}"
EndProject
Global
	GlobalSection(SolutionConfigurationPlatforms) = preSolution
		Debug|x64 = Debug|x64
		Debug|x86 = Debug|x86
		Release|x64 = Release|x64
		Release|x86 = Release|x86
	EndGlobalSection
	GlobalSection(ProjectConfigurationPlatforms) = postSolution
		{B53BFD06-EAF6-48C6-AE4E-1DE67F1562C6}.Debug|x64.ActiveCfg = Debug|x64
		{B53BFD06-EAF6-48C6-AE4E-1DE67F1562C6}.Debug|x64.Build.0 = Debug|x64
		{B53BFD06-EAF6-48C6-AE4E-1DE67F1562C6}.Debug|x86.ActiveCfg = Debug|Win32
		{B53BFD06-EAF6-48C6-AE4E-1DE67F1562C6}.Debug|x86.Build.0 = Debug|Win32
		{B53BFD06-EAF6-48C6-AE4E-1DE67F1562C6}.Release|x64.ActiveCfg = Release|x64
		{B53BFD06-EAF6-48C6-AE4E-1DE67F1562C6}.Release|x64.Build.0 = Release|x64
		{B53BFD06-EAF6-48C6-AE4E-1DE67F1562C6}.Release|x86.ActiveCfg = Release|Win32
		{B53BFD06-EAF6-48C6-AE4E-1DE67F1562C6}.Release|x86.Build.0 = Release|Win32
	EndGlobalSection
	GlobalSection(SolutionProperties) = preSolution
		HideSolutionNode = FALSE
	EndGlobalSection
	GlobalSection(ExtensibilityGlobals) = postSolution
		SolutionGuid = {54D196FE-3C68-46F9-A630-739E2D117E76}
	EndGlobalSection
EndGlobal
